
Microsoft Visual Studio Solution File, Format Version 12.00
# Visual Studio Version 16
VisualStudioVersion = 16.0.33801.447
MinimumVisualStudioVersion = 10.0.40219.1
Project("{FAE04EC0-301F-11D3-BF4B-00C04F79EFBC}") = "VeerpalKaurBookStore", "VeerpalKaurBookStore\VeerpalKaurBookStore.csproj", "{1A8C7428-01A5-4AC3-A459-6AE9950C170D}"
EndProject
Global
	GlobalSection(SolutionConfigurationPlatforms) = preSolution
		Debug|Any CPU = Debug|Any CPU
		Release|Any CPU = Release|Any CPU
	EndGlobalSection
	GlobalSection(ProjectConfigurationPlatforms) = postSolution
		{1A8C7428-01A5-4AC3-A459-6AE9950C170D}.Debug|Any CPU.ActiveCfg = Debug|Any CPU
		{1A8C7428-01A5-4AC3-A459-6AE9950C170D}.Debug|Any CPU.Build.0 = Debug|Any CPU
		{1A8C7428-01A5-4AC3-A459-6AE9950C170D}.Release|Any CPU.ActiveCfg = Release|Any CPU
		{1A8C7428-01A5-4AC3-A459-6AE9950C170D}.Release|Any CPU.Build.0 = Release|Any CPU
	EndGlobalSection
	GlobalSection(SolutionProperties) = preSolution
		HideSolutionNode = FALSE
	EndGlobalSection
	GlobalSection(ExtensibilityGlobals) = postSolution
		SolutionGuid = {70524B74-9150-4906-9625-7F345DAA5E2F}
	EndGlobalSection
EndGlobal
